
Microsoft Visual Studio Solution File, Format Version 12.00
# Visual Studio Version 17
VisualStudioVersion = 17.0.32126.317
MinimumVisualStudioVersion = 10.0.40219.1
Project("{8BC9CEB8-8B4A-11D0-8D11-00A0C91BC942}") = "PP04", "PP04\PP04.vcxproj", "{5FFDC1ED-A7BD-4ABF-B693-0EB1EEEEDCF1}"
EndProject
Project("{8BC9CEB8-8B4A-11D0-8D11-00A0C91BC942}") = "PP05", "PP05\PP05.vcxproj", "{CF467F9A-EA58-4D64-9FF7-500A22C4FA9B}"
EndProject
Global
	GlobalSection(SolutionConfigurationPlatforms) = preSolution
		Debug|x64 = Debug|x64
		Debug|x86 = Debug|x86
		Release|x64 = Release|x64
		Release|x86 = Release|x86
	EndGlobalSection
	GlobalSection(ProjectConfigurationPlatforms) = postSolution
		{5FFDC1ED-A7BD-4ABF-B693-0EB1EEEEDCF1}.Debug|x64.ActiveCfg = Debug|x64
		{5FFDC1ED-A7BD-4ABF-B693-0EB1EEEEDCF1}.Debug|x64.Build.0 = Debug|x64
		{5FFDC1ED-A7BD-4ABF-B693-0EB1EEEEDCF1}.Debug|x86.ActiveCfg = Debug|Win32
		{5FFDC1ED-A7BD-4ABF-B693-0EB1EEEEDCF1}.Debug|x86.Build.0 = Debug|Win32
		{5FFDC1ED-A7BD-4ABF-B693-0EB1EEEEDCF1}.Release|x64.ActiveCfg = Release|x64
		{5FFDC1ED-A7BD-4ABF-B693-0EB1EEEEDCF1}.Release|x64.Build.0 = Release|x64
		{5FFDC1ED-A7BD-4ABF-B693-0EB1EEEEDCF1}.Release|x86.ActiveCfg = Release|Win32
		{5FFDC1ED-A7BD-4ABF-B693-0EB1EEEEDCF1}.Release|x86.Build.0 = Release|Win32
		{CF467F9A-EA58-4D64-9FF7-500A22C4FA9B}.Debug|x64.ActiveCfg = Debug|x64
		{CF467F9A-EA58-4D64-9FF7-500A22C4FA9B}.Debug|x64.Build.0 = Debug|x64
		{CF467F9A-EA58-4D64-9FF7-500A22C4FA9B}.Debug|x86.ActiveCfg = Debug|Win32
		{CF467F9A-EA58-4D64-9FF7-500A22C4FA9B}.Debug|x86.Build.0 = Debug|Win32
		{CF467F9A-EA58-4D64-9FF7-500A22C4FA9B}.Release|x64.ActiveCfg = Release|x64
		{CF467F9A-EA58-4D64-9FF7-500A22C4FA9B}.Release|x64.Build.0 = Release|x64
		{CF467F9A-EA58-4D64-9FF7-500A22C4FA9B}.Release|x86.ActiveCfg = Release|Win32
		{CF467F9A-EA58-4D64-9FF7-500A22C4FA9B}.Release|x86.Build.0 = Release|Win32
	EndGlobalSection
	GlobalSection(SolutionProperties) = preSolution
		HideSolutionNode = FALSE
	EndGlobalSection
	GlobalSection(ExtensibilityGlobals) = postSolution
		SolutionGuid = {18272E5A-DD44-434B-A76C-AB302C472D3D}
	EndGlobalSection
EndGlobal
